
Microsoft Visual Studio Solution File, Format Version 12.00
# Visual Studio Version 17
VisualStudioVersion = 17.9.34714.143
MinimumVisualStudioVersion = 10.0.40219.1
Project("{FAE04EC0-301F-11D3-BF4B-00C04F79EFBC}") = "MdProto", "MdProto.csproj", "{8B7B47D1-1217-48F1-9095-F40318CFCDEA}"
EndProject
Global
	GlobalSection(SolutionConfigurationPlatforms) = preSolution
		Debug|ARM64 = Debug|ARM64
		Debug|x64 = Debug|x64
		Debug|x86 = Debug|x86
		Release|ARM64 = Release|ARM64
		Release|x64 = Release|x64
		Release|x86 = Release|x86
	EndGlobalSection
	GlobalSection(ProjectConfigurationPlatforms) = postSolution
		{8B7B47D1-1217-48F1-9095-F40318CFCDEA}.Debug|ARM64.ActiveCfg = Debug|ARM64
		{8B7B47D1-1217-48F1-9095-F40318CFCDEA}.Debug|ARM64.Build.0 = Debug|ARM64
		{8B7B47D1-1217-48F1-9095-F40318CFCDEA}.Debug|ARM64.Deploy.0 = Debug|ARM64
		{8B7B47D1-1217-48F1-9095-F40318CFCDEA}.Debug|x64.ActiveCfg = Debug|x64
		{8B7B47D1-1217-48F1-9095-F40318CFCDEA}.Debug|x64.Build.0 = Debug|x64
		{8B7B47D1-1217-48F1-9095-F40318CFCDEA}.Debug|x64.Deploy.0 = Debug|x64
		{8B7B47D1-1217-48F1-9095-F40318CFCDEA}.Debug|x86.ActiveCfg = Debug|x86
		{8B7B47D1-1217-48F1-9095-F40318CFCDEA}.Debug|x86.Build.0 = Debug|x86
		{8B7B47D1-1217-48F1-9095-F40318CFCDEA}.Debug|x86.Deploy.0 = Debug|x86
		{8B7B47D1-1217-48F1-9095-F40318CFCDEA}.Release|ARM64.ActiveCfg = Release|ARM64
		{8B7B47D1-1217-48F1-9095-F40318CFCDEA}.Release|ARM64.Build.0 = Release|ARM64
		{8B7B47D1-1217-48F1-9095-F40318CFCDEA}.Release|ARM64.Deploy.0 = Release|ARM64
		{8B7B47D1-1217-48F1-9095-F40318CFCDEA}.Release|x64.ActiveCfg = Release|x64
		{8B7B47D1-1217-48F1-9095-F40318CFCDEA}.Release|x64.Build.0 = Release|x64
		{8B7B47D1-1217-48F1-9095-F40318CFCDEA}.Release|x64.Deploy.0 = Release|x64
		{8B7B47D1-1217-48F1-9095-F40318CFCDEA}.Release|x86.ActiveCfg = Release|x86
		{8B7B47D1-1217-48F1-9095-F40318CFCDEA}.Release|x86.Build.0 = Release|x86
		{8B7B47D1-1217-48F1-9095-F40318CFCDEA}.Release|x86.Deploy.0 = Release|x86
	EndGlobalSection
	GlobalSection(SolutionProperties) = preSolution
		HideSolutionNode = FALSE
	EndGlobalSection
	GlobalSection(ExtensibilityGlobals) = postSolution
		SolutionGuid = {39DF7952-4D06-4134-8A1E-2E9B5AB27699}
	EndGlobalSection
EndGlobal
